
Microsoft Visual Studio Solution File, Format Version 12.00
# Visual Studio Version 17
VisualStudioVersion = 17.7.34221.43
MinimumVisualStudioVersion = 10.0.40219.1
Project("{9A19103F-16F7-4668-BE54-9A1E7A4F7556}") = "AirTimes2", "AirTimes2\AirTimes2.csproj", "{5587B5F9-D41B-468F-ACA6-5B4D6BCBFCC0}"
EndProject
Project("{9A19103F-16F7-4668-BE54-9A1E7A4F7556}") = "DAL", "DAL\DAL.csproj", "{AC5C17D6-7FA1-4230-88EE-130A3FE99513}"
EndProject
Project("{9A19103F-16F7-4668-BE54-9A1E7A4F7556}") = "Entities", "Entities\Entities.csproj", "{5BC30CA1-9570-4963-B437-F620315130C6}"
EndProject
Global
	GlobalSection(SolutionConfigurationPlatforms) = preSolution
		Debug|Any CPU = Debug|Any CPU
		Release|Any CPU = Release|Any CPU
	EndGlobalSection
	GlobalSection(ProjectConfigurationPlatforms) = postSolution
		{5587B5F9-D41B-468F-ACA6-5B4D6BCBFCC0}.Debug|Any CPU.ActiveCfg = Debug|Any CPU
		{5587B5F9-D41B-468F-ACA6-5B4D6BCBFCC0}.Debug|Any CPU.Build.0 = Debug|Any CPU
		{5587B5F9-D41B-468F-ACA6-5B4D6BCBFCC0}.Release|Any CPU.ActiveCfg = Release|Any CPU
		{5587B5F9-D41B-468F-ACA6-5B4D6BCBFCC0}.Release|Any CPU.Build.0 = Release|Any CPU
		{AC5C17D6-7FA1-4230-88EE-130A3FE99513}.Debug|Any CPU.ActiveCfg = Debug|Any CPU
		{AC5C17D6-7FA1-4230-88EE-130A3FE99513}.Debug|Any CPU.Build.0 = Debug|Any CPU
		{AC5C17D6-7FA1-4230-88EE-130A3FE99513}.Release|Any CPU.ActiveCfg = Release|Any CPU
		{AC5C17D6-7FA1-4230-88EE-130A3FE99513}.Release|Any CPU.Build.0 = Release|Any CPU
		{5BC30CA1-9570-4963-B437-F620315130C6}.Debug|Any CPU.ActiveCfg = Debug|Any CPU
		{5BC30CA1-9570-4963-B437-F620315130C6}.Debug|Any CPU.Build.0 = Debug|Any CPU
		{5BC30CA1-9570-4963-B437-F620315130C6}.Release|Any CPU.ActiveCfg = Release|Any CPU
		{5BC30CA1-9570-4963-B437-F620315130C6}.Release|Any CPU.Build.0 = Release|Any CPU
	EndGlobalSection
	GlobalSection(SolutionProperties) = preSolution
		HideSolutionNode = FALSE
	EndGlobalSection
	GlobalSection(ExtensibilityGlobals) = postSolution
		SolutionGuid = {87A74B58-4512-456C-B842-AF0218CA6C0C}
	EndGlobalSection
EndGlobal
